{
  "requires": true,
  "lockfileVersion": 1,
  "dependencies": {
    "@types/google-libphonenumber": {
      "version": "7.4.19",
      "resolved": "https://registry.npmjs.org/@types/google-libphonenumber/-/google-libphonenumber-7.4.19.tgz",
      "integrity": "sha512-Rm2VhKzu4UofafuTrNTG6fy+385x1PIomnTGGSzOXGbKLpXAhNlUG+7F6UdcIosM5JMvXcJBnwUW/u4qQmt0yg=="
    },
    "bootstrap": {
      "version": "4.5.2",
      "resolved": "https://registry.npmjs.org/bootstrap/-/bootstrap-4.5.2.tgz",
      "integrity": "sha512-vlGn0bcySYl/iV+BGA544JkkZP5LB3jsmkeKLFQakCOwCM3AOk7VkldBz4jrzSe+Z0Ezn99NVXa1o45cQY4R6A=="
    },
    "google-libphonenumber": {
      "version": "3.2.13",
      "resolved": "https://registry.npmjs.org/google-libphonenumber/-/google-libphonenumber-3.2.13.tgz",
      "integrity": "sha512-USnpjJkD8St+wyshy154lF74JeauNCd8vrcusSlWjSFWitXzl7ZSuCunA/XxeVLqBv6DShrSfFMYdwGZ7x4hOw=="
    }
  }
}
